
Microsoft Visual Studio Solution File, Format Version 12.00
# Visual Studio Version 17
VisualStudioVersion = 17.10.34916.146
MinimumVisualStudioVersion = 10.0.40219.1
Project("{2150E333-8FDC-42A3-9474-1A3956D46DE8}") = "Applications", "Applications", "{B02BEA4F-7BD5-48AD-889B-FEE4CB0A36E9}"
EndProject
Project("{2150E333-8FDC-42A3-9474-1A3956D46DE8}") = "Domains", "Domains", "{80FC5614-D0EB-46EB-A44A-EB8860A9247E}"
EndProject
Project("{2150E333-8FDC-42A3-9474-1A3956D46DE8}") = "Infrastractures", "Infrastractures", "{1B20D421-219A-4E81-A836-10F2B2C29DD2}"
EndProject
Project("{2150E333-8FDC-42A3-9474-1A3956D46DE8}") = "Presentations", "Presentations", "{FB452F64-2D1B-4627-BF7F-C0F015F50DEB}"
EndProject
Project("{9A19103F-16F7-4668-BE54-9A1E7A4F7556}") = "Appoinments.Domain", "Appoinment.Domain\Appoinments.Domain.csproj", "{0F03C6A1-6D06-4FE8-B4B3-B2D188688755}"
EndProject
Project("{9A19103F-16F7-4668-BE54-9A1E7A4F7556}") = "Base.Domain", "Base.Domain\Base.Domain.csproj", "{D6B9D948-E684-47A8-817F-703F9A7DD88B}"
EndProject
Project("{FAE04EC0-301F-11D3-BF4B-00C04F79EFBC}") = "Appoinments.Application", "Appoinment.Application\Appoinments.Application.csproj", "{A215E2C4-5946-4FFD-BED1-8FDBBD0516B5}"
EndProject
Project("{2150E333-8FDC-42A3-9474-1A3956D46DE8}") = "Framework", "Framework", "{527AB1A9-4EF8-406A-BC65-6BD66F048476}"
EndProject
Project("{FAE04EC0-301F-11D3-BF4B-00C04F79EFBC}") = "Appoinments.Framework", "Appoinment.Framework\Appoinments.Framework.csproj", "{5DBC5C93-203A-462B-A318-870187FD22AA}"
EndProject
Project("{9A19103F-16F7-4668-BE54-9A1E7A4F7556}") = "Identity.Http.Extensions", "Identity.Http.Extensions\Identity.Http.Extensions.csproj", "{D535CFE6-E1F4-4B6A-856D-84C2F88A22D5}"
EndProject
Project("{9A19103F-16F7-4668-BE54-9A1E7A4F7556}") = "Users.Application", "Users.Application\Users.Application.csproj", "{45E1EAB1-C44E-47B5-AB87-6B71F4E38E32}"
EndProject
Project("{9A19103F-16F7-4668-BE54-9A1E7A4F7556}") = "Users.Domain", "Users.Domain\Users.Domain.csproj", "{27AE7BCE-88D7-4CD2-A414-8D05363EA8BB}"
EndProject
Project("{FAE04EC0-301F-11D3-BF4B-00C04F79EFBC}") = "Appoinments.Infrastractures", "Appoinments.Infrastractures\Appoinments.Infrastractures.csproj", "{B26B9F46-E4A0-4B1E-A483-AD778DE5C2E4}"
EndProject
Project("{FAE04EC0-301F-11D3-BF4B-00C04F79EFBC}") = "Users.Infrastractures", "Users.Infrastractures\Users.Infrastractures.csproj", "{9073C444-6984-476D-A5A9-2478F76AE45A}"
EndProject
Project("{FAE04EC0-301F-11D3-BF4B-00C04F79EFBC}") = "Appointments.API", "Appointments.API\Appointments.API.csproj", "{ACF9C7AC-70F0-4037-B5BA-B121CE3F7E2D}"
EndProject
Project("{FAE04EC0-301F-11D3-BF4B-00C04F79EFBC}") = "Users.API", "Users.API\Users.API.csproj", "{3A06771F-0F7F-4BE8-8C86-ECB600111261}"
EndProject
Global
	GlobalSection(SolutionConfigurationPlatforms) = preSolution
		Debug|Any CPU = Debug|Any CPU
		Release|Any CPU = Release|Any CPU
	EndGlobalSection
	GlobalSection(ProjectConfigurationPlatforms) = postSolution
		{0F03C6A1-6D06-4FE8-B4B3-B2D188688755}.Debug|Any CPU.ActiveCfg = Debug|Any CPU
		{0F03C6A1-6D06-4FE8-B4B3-B2D188688755}.Debug|Any CPU.Build.0 = Debug|Any CPU
		{0F03C6A1-6D06-4FE8-B4B3-B2D188688755}.Release|Any CPU.ActiveCfg = Release|Any CPU
		{0F03C6A1-6D06-4FE8-B4B3-B2D188688755}.Release|Any CPU.Build.0 = Release|Any CPU
		{D6B9D948-E684-47A8-817F-703F9A7DD88B}.Debug|Any CPU.ActiveCfg = Debug|Any CPU
		{D6B9D948-E684-47A8-817F-703F9A7DD88B}.Debug|Any CPU.Build.0 = Debug|Any CPU
		{D6B9D948-E684-47A8-817F-703F9A7DD88B}.Release|Any CPU.ActiveCfg = Release|Any CPU
		{D6B9D948-E684-47A8-817F-703F9A7DD88B}.Release|Any CPU.Build.0 = Release|Any CPU
		{A215E2C4-5946-4FFD-BED1-8FDBBD0516B5}.Debug|Any CPU.ActiveCfg = Debug|Any CPU
		{A215E2C4-5946-4FFD-BED1-8FDBBD0516B5}.Debug|Any CPU.Build.0 = Debug|Any CPU
		{A215E2C4-5946-4FFD-BED1-8FDBBD0516B5}.Release|Any CPU.ActiveCfg = Release|Any CPU
		{A215E2C4-5946-4FFD-BED1-8FDBBD0516B5}.Release|Any CPU.Build.0 = Release|Any CPU
		{5DBC5C93-203A-462B-A318-870187FD22AA}.Debug|Any CPU.ActiveCfg = Debug|Any CPU
		{5DBC5C93-203A-462B-A318-870187FD22AA}.Debug|Any CPU.Build.0 = Debug|Any CPU
		{5DBC5C93-203A-462B-A318-870187FD22AA}.Release|Any CPU.ActiveCfg = Release|Any CPU
		{5DBC5C93-203A-462B-A318-870187FD22AA}.Release|Any CPU.Build.0 = Release|Any CPU
		{D535CFE6-E1F4-4B6A-856D-84C2F88A22D5}.Debug|Any CPU.ActiveCfg = Debug|Any CPU
		{D535CFE6-E1F4-4B6A-856D-84C2F88A22D5}.Debug|Any CPU.Build.0 = Debug|Any CPU
		{D535CFE6-E1F4-4B6A-856D-84C2F88A22D5}.Release|Any CPU.ActiveCfg = Release|Any CPU
		{D535CFE6-E1F4-4B6A-856D-84C2F88A22D5}.Release|Any CPU.Build.0 = Release|Any CPU
		{45E1EAB1-C44E-47B5-AB87-6B71F4E38E32}.Debug|Any CPU.ActiveCfg = Debug|Any CPU
		{45E1EAB1-C44E-47B5-AB87-6B71F4E38E32}.Debug|Any CPU.Build.0 = Debug|Any CPU
		{45E1EAB1-C44E-47B5-AB87-6B71F4E38E32}.Release|Any CPU.ActiveCfg = Release|Any CPU
		{45E1EAB1-C44E-47B5-AB87-6B71F4E38E32}.Release|Any CPU.Build.0 = Release|Any CPU
		{27AE7BCE-88D7-4CD2-A414-8D05363EA8BB}.Debug|Any CPU.ActiveCfg = Debug|Any CPU
		{27AE7BCE-88D7-4CD2-A414-8D05363EA8BB}.Debug|Any CPU.Build.0 = Debug|Any CPU
		{27AE7BCE-88D7-4CD2-A414-8D05363EA8BB}.Release|Any CPU.ActiveCfg = Release|Any CPU
		{27AE7BCE-88D7-4CD2-A414-8D05363EA8BB}.Release|Any CPU.Build.0 = Release|Any CPU
		{B26B9F46-E4A0-4B1E-A483-AD778DE5C2E4}.Debug|Any CPU.ActiveCfg = Debug|Any CPU
		{B26B9F46-E4A0-4B1E-A483-AD778DE5C2E4}.Debug|Any CPU.Build.0 = Debug|Any CPU
		{B26B9F46-E4A0-4B1E-A483-AD778DE5C2E4}.Release|Any CPU.ActiveCfg = Release|Any CPU
		{B26B9F46-E4A0-4B1E-A483-AD778DE5C2E4}.Release|Any CPU.Build.0 = Release|Any CPU
		{9073C444-6984-476D-A5A9-2478F76AE45A}.Debug|Any CPU.ActiveCfg = Debug|Any CPU
		{9073C444-6984-476D-A5A9-2478F76AE45A}.Debug|Any CPU.Build.0 = Debug|Any CPU
		{9073C444-6984-476D-A5A9-2478F76AE45A}.Release|Any CPU.ActiveCfg = Release|Any CPU
		{9073C444-6984-476D-A5A9-2478F76AE45A}.Release|Any CPU.Build.0 = Release|Any CPU
		{ACF9C7AC-70F0-4037-B5BA-B121CE3F7E2D}.Debug|Any CPU.ActiveCfg = Debug|Any CPU
		{ACF9C7AC-70F0-4037-B5BA-B121CE3F7E2D}.Debug|Any CPU.Build.0 = Debug|Any CPU
		{ACF9C7AC-70F0-4037-B5BA-B121CE3F7E2D}.Release|Any CPU.ActiveCfg = Release|Any CPU
		{ACF9C7AC-70F0-4037-B5BA-B121CE3F7E2D}.Release|Any CPU.Build.0 = Release|Any CPU
		{3A06771F-0F7F-4BE8-8C86-ECB600111261}.Debug|Any CPU.ActiveCfg = Debug|Any CPU
		{3A06771F-0F7F-4BE8-8C86-ECB600111261}.Debug|Any CPU.Build.0 = Debug|Any CPU
		{3A06771F-0F7F-4BE8-8C86-ECB600111261}.Release|Any CPU.ActiveCfg = Release|Any CPU
		{3A06771F-0F7F-4BE8-8C86-ECB600111261}.Release|Any CPU.Build.0 = Release|Any CPU
	EndGlobalSection
	GlobalSection(SolutionProperties) = preSolution
		HideSolutionNode = FALSE
	EndGlobalSection
	GlobalSection(NestedProjects) = preSolution
		{0F03C6A1-6D06-4FE8-B4B3-B2D188688755} = {80FC5614-D0EB-46EB-A44A-EB8860A9247E}
		{D6B9D948-E684-47A8-817F-703F9A7DD88B} = {80FC5614-D0EB-46EB-A44A-EB8860A9247E}
		{A215E2C4-5946-4FFD-BED1-8FDBBD0516B5} = {B02BEA4F-7BD5-48AD-889B-FEE4CB0A36E9}
		{5DBC5C93-203A-462B-A318-870187FD22AA} = {527AB1A9-4EF8-406A-BC65-6BD66F048476}
		{D535CFE6-E1F4-4B6A-856D-84C2F88A22D5} = {527AB1A9-4EF8-406A-BC65-6BD66F048476}
		{45E1EAB1-C44E-47B5-AB87-6B71F4E38E32} = {B02BEA4F-7BD5-48AD-889B-FEE4CB0A36E9}
		{27AE7BCE-88D7-4CD2-A414-8D05363EA8BB} = {80FC5614-D0EB-46EB-A44A-EB8860A9247E}
		{B26B9F46-E4A0-4B1E-A483-AD778DE5C2E4} = {1B20D421-219A-4E81-A836-10F2B2C29DD2}
		{9073C444-6984-476D-A5A9-2478F76AE45A} = {1B20D421-219A-4E81-A836-10F2B2C29DD2}
		{ACF9C7AC-70F0-4037-B5BA-B121CE3F7E2D} = {FB452F64-2D1B-4627-BF7F-C0F015F50DEB}
		{3A06771F-0F7F-4BE8-8C86-ECB600111261} = {FB452F64-2D1B-4627-BF7F-C0F015F50DEB}
	EndGlobalSection
	GlobalSection(ExtensibilityGlobals) = postSolution
		SolutionGuid = {B628038D-3CC6-4A72-9FB5-D26D61CCA50A}
	EndGlobalSection
EndGlobal
